
Microsoft Visual Studio Solution File, Format Version 12.00
# Visual Studio 14
VisualStudioVersion = 14.0.24720.0
MinimumVisualStudioVersion = 10.0.40219.1
Project("{FAE04EC0-301F-11D3-BF4B-00C04F79EFBC}") = "Case.IssueTracker.Win", "Case.IssueTracker.Win\Case.IssueTracker.Win.csproj", "{3C03085B-63AD-4890-AC2C-A4DE31AF1A6B}"
EndProject
Project("{FAE04EC0-301F-11D3-BF4B-00C04F79EFBC}") = "Case.IssueTracker.Revit", "Case.IssueTracker.Revit\Case.IssueTracker.Revit.csproj", "{FC3952A7-6229-4370-B193-F785BAB7A57B}"
EndProject
Project("{FAE04EC0-301F-11D3-BF4B-00C04F79EFBC}") = "Case.IssueTracker.Navisworks", "Case.IssueTracker.Navisworks\Case.IssueTracker.Navisworks.csproj", "{0A8ABFCD-E357-45F6-B6BD-3348637FA5F1}"
EndProject
Project("{FAE04EC0-301F-11D3-BF4B-00C04F79EFBC}") = "Case.IssueTracker", "Case.IssueTracker\Case.IssueTracker.csproj", "{1B969AD1-C7E6-40FB-B3B0-20E7EB735876}"
EndProject
Global
	GlobalSection(SolutionConfigurationPlatforms) = preSolution
		Debug|Any CPU = Debug|Any CPU
		Debug-2014|Any CPU = Debug-2014|Any CPU
		Debug-2015|Any CPU = Debug-2015|Any CPU
		Debug-2016|Any CPU = Debug-2016|Any CPU
		Release|Any CPU = Release|Any CPU
		Release-2014|Any CPU = Release-2014|Any CPU
		Release-2015|Any CPU = Release-2015|Any CPU
		Release-2016|Any CPU = Release-2016|Any CPU
	EndGlobalSection
	GlobalSection(ProjectConfigurationPlatforms) = postSolution
		{3C03085B-63AD-4890-AC2C-A4DE31AF1A6B}.Debug|Any CPU.ActiveCfg = Debug|Any CPU
		{3C03085B-63AD-4890-AC2C-A4DE31AF1A6B}.Debug|Any CPU.Build.0 = Debug|Any CPU
		{3C03085B-63AD-4890-AC2C-A4DE31AF1A6B}.Debug-2014|Any CPU.ActiveCfg = Debug|Any CPU
		{3C03085B-63AD-4890-AC2C-A4DE31AF1A6B}.Debug-2014|Any CPU.Build.0 = Debug|Any CPU
		{3C03085B-63AD-4890-AC2C-A4DE31AF1A6B}.Debug-2015|Any CPU.ActiveCfg = Debug|Any CPU
		{3C03085B-63AD-4890-AC2C-A4DE31AF1A6B}.Debug-2015|Any CPU.Build.0 = Debug|Any CPU
		{3C03085B-63AD-4890-AC2C-A4DE31AF1A6B}.Debug-2016|Any CPU.ActiveCfg = Debug|Any CPU
		{3C03085B-63AD-4890-AC2C-A4DE31AF1A6B}.Debug-2016|Any CPU.Build.0 = Debug|Any CPU
		{3C03085B-63AD-4890-AC2C-A4DE31AF1A6B}.Release|Any CPU.ActiveCfg = Release|Any CPU
		{3C03085B-63AD-4890-AC2C-A4DE31AF1A6B}.Release|Any CPU.Build.0 = Release|Any CPU
		{3C03085B-63AD-4890-AC2C-A4DE31AF1A6B}.Release-2014|Any CPU.ActiveCfg = Release|Any CPU
		{3C03085B-63AD-4890-AC2C-A4DE31AF1A6B}.Release-2014|Any CPU.Build.0 = Release|Any CPU
		{3C03085B-63AD-4890-AC2C-A4DE31AF1A6B}.Release-2015|Any CPU.ActiveCfg = Debug|Any CPU
		{3C03085B-63AD-4890-AC2C-A4DE31AF1A6B}.Release-2015|Any CPU.Build.0 = Debug|Any CPU
		{3C03085B-63AD-4890-AC2C-A4DE31AF1A6B}.Release-2016|Any CPU.ActiveCfg = Release|Any CPU
		{3C03085B-63AD-4890-AC2C-A4DE31AF1A6B}.Release-2016|Any CPU.Build.0 = Release|Any CPU
		{FC3952A7-6229-4370-B193-F785BAB7A57B}.Debug|Any CPU.ActiveCfg = Debug|Any CPU
		{FC3952A7-6229-4370-B193-F785BAB7A57B}.Debug|Any CPU.Build.0 = Debug|Any CPU
		{FC3952A7-6229-4370-B193-F785BAB7A57B}.Debug-2014|Any CPU.ActiveCfg = Debug-2014|Any CPU
		{FC3952A7-6229-4370-B193-F785BAB7A57B}.Debug-2014|Any CPU.Build.0 = Debug-2014|Any CPU
		{FC3952A7-6229-4370-B193-F785BAB7A57B}.Debug-2015|Any CPU.ActiveCfg = Debug-2015|Any CPU
		{FC3952A7-6229-4370-B193-F785BAB7A57B}.Debug-2015|Any CPU.Build.0 = Debug-2015|Any CPU
		{FC3952A7-6229-4370-B193-F785BAB7A57B}.Debug-2016|Any CPU.ActiveCfg = Debug-2016|Any CPU
		{FC3952A7-6229-4370-B193-F785BAB7A57B}.Debug-2016|Any CPU.Build.0 = Debug-2016|Any CPU
		{FC3952A7-6229-4370-B193-F785BAB7A57B}.Release|Any CPU.ActiveCfg = Debug|Any CPU
		{FC3952A7-6229-4370-B193-F785BAB7A57B}.Release|Any CPU.Build.0 = Debug|Any CPU
		{FC3952A7-6229-4370-B193-F785BAB7A57B}.Release-2014|Any CPU.ActiveCfg = Release-2014|Any CPU
		{FC3952A7-6229-4370-B193-F785BAB7A57B}.Release-2014|Any CPU.Build.0 = Release-2014|Any CPU
		{FC3952A7-6229-4370-B193-F785BAB7A57B}.Release-2015|Any CPU.ActiveCfg = Release-2015|Any CPU
		{FC3952A7-6229-4370-B193-F785BAB7A57B}.Release-2015|Any CPU.Build.0 = Release-2015|Any CPU
		{FC3952A7-6229-4370-B193-F785BAB7A57B}.Release-2016|Any CPU.ActiveCfg = Release-2016|Any CPU
		{FC3952A7-6229-4370-B193-F785BAB7A57B}.Release-2016|Any CPU.Build.0 = Release-2016|Any CPU
		{0A8ABFCD-E357-45F6-B6BD-3348637FA5F1}.Debug|Any CPU.ActiveCfg = Debug|Any CPU
		{0A8ABFCD-E357-45F6-B6BD-3348637FA5F1}.Debug|Any CPU.Build.0 = Debug|Any CPU
		{0A8ABFCD-E357-45F6-B6BD-3348637FA5F1}.Debug-2014|Any CPU.ActiveCfg = Debug-2014|Any CPU
		{0A8ABFCD-E357-45F6-B6BD-3348637FA5F1}.Debug-2014|Any CPU.Build.0 = Debug-2014|Any CPU
		{0A8ABFCD-E357-45F6-B6BD-3348637FA5F1}.Debug-2015|Any CPU.ActiveCfg = Debug-2015|Any CPU
		{0A8ABFCD-E357-45F6-B6BD-3348637FA5F1}.Debug-2015|Any CPU.Build.0 = Debug-2015|Any CPU
		{0A8ABFCD-E357-45F6-B6BD-3348637FA5F1}.Debug-2016|Any CPU.ActiveCfg = Debug-2016|Any CPU
		{0A8ABFCD-E357-45F6-B6BD-3348637FA5F1}.Debug-2016|Any CPU.Build.0 = Debug-2016|Any CPU
		{0A8ABFCD-E357-45F6-B6BD-3348637FA5F1}.Release|Any CPU.ActiveCfg = Debug|Any CPU
		{0A8ABFCD-E357-45F6-B6BD-3348637FA5F1}.Release|Any CPU.Build.0 = Debug|Any CPU
		{0A8ABFCD-E357-45F6-B6BD-3348637FA5F1}.Release-2014|Any CPU.ActiveCfg = Release-2014|Any CPU
		{0A8ABFCD-E357-45F6-B6BD-3348637FA5F1}.Release-2014|Any CPU.Build.0 = Release-2014|Any CPU
		{0A8ABFCD-E357-45F6-B6BD-3348637FA5F1}.Release-2015|Any CPU.ActiveCfg = Release-2015|Any CPU
		{0A8ABFCD-E357-45F6-B6BD-3348637FA5F1}.Release-2015|Any CPU.Build.0 = Release-2015|Any CPU
		{0A8ABFCD-E357-45F6-B6BD-3348637FA5F1}.Release-2016|Any CPU.ActiveCfg = Release-2016|Any CPU
		{0A8ABFCD-E357-45F6-B6BD-3348637FA5F1}.Release-2016|Any CPU.Build.0 = Release-2016|Any CPU
		{1B969AD1-C7E6-40FB-B3B0-20E7EB735876}.Debug|Any CPU.ActiveCfg = Debug|Any CPU
		{1B969AD1-C7E6-40FB-B3B0-20E7EB735876}.Debug|Any CPU.Build.0 = Debug|Any CPU
		{1B969AD1-C7E6-40FB-B3B0-20E7EB735876}.Debug-2014|Any CPU.ActiveCfg = Debug|Any CPU
		{1B969AD1-C7E6-40FB-B3B0-20E7EB735876}.Debug-2014|Any CPU.Build.0 = Debug|Any CPU
		{1B969AD1-C7E6-40FB-B3B0-20E7EB735876}.Debug-2015|Any CPU.ActiveCfg = Debug|Any CPU
		{1B969AD1-C7E6-40FB-B3B0-20E7EB735876}.Debug-2015|Any CPU.Build.0 = Debug|Any CPU
		{1B969AD1-C7E6-40FB-B3B0-20E7EB735876}.Debug-2016|Any CPU.ActiveCfg = Debug|Any CPU
		{1B969AD1-C7E6-40FB-B3B0-20E7EB735876}.Debug-2016|Any CPU.Build.0 = Debug|Any CPU
		{1B969AD1-C7E6-40FB-B3B0-20E7EB735876}.Release|Any CPU.ActiveCfg = Release|Any CPU
		{1B969AD1-C7E6-40FB-B3B0-20E7EB735876}.Release|Any CPU.Build.0 = Release|Any CPU
		{1B969AD1-C7E6-40FB-B3B0-20E7EB735876}.Release-2014|Any CPU.ActiveCfg = Release|Any CPU
		{1B969AD1-C7E6-40FB-B3B0-20E7EB735876}.Release-2014|Any CPU.Build.0 = Release|Any CPU
		{1B969AD1-C7E6-40FB-B3B0-20E7EB735876}.Release-2015|Any CPU.ActiveCfg = Debug|Any CPU
		{1B969AD1-C7E6-40FB-B3B0-20E7EB735876}.Release-2015|Any CPU.Build.0 = Debug|Any CPU
		{1B969AD1-C7E6-40FB-B3B0-20E7EB735876}.Release-2016|Any CPU.ActiveCfg = Release|Any CPU
		{1B969AD1-C7E6-40FB-B3B0-20E7EB735876}.Release-2016|Any CPU.Build.0 = Release|Any CPU
	EndGlobalSection
	GlobalSection(SolutionProperties) = preSolution
		HideSolutionNode = FALSE
	EndGlobalSection
EndGlobal
